// !$*UTF8*$!
{
	archiveVersion = 1;
	classes = {
	};
	objectVersion = 56;
	objects = {

/* Begin PBXBuildFile section */
		276DAEFE29B477AA0087AC2F /* GoogleService-Info.plist in Resources */ = {isa = PBXBuildFile; fileRef = 276DAEFD29B477AA0087AC2F /* GoogleService-Info.plist */; };
		276DAF0129B478090087AC2F /* FirebaseAnalytics in Frameworks */ = {isa = PBXBuildFile; productRef = 276DAF0029B478090087AC2F /* FirebaseAnalytics */; };
		276DAF0329B478090087AC2F /* FirebaseAnalyticsOnDeviceConversion in Frameworks */ = {isa = PBXBuildFile; productRef = 276DAF0229B478090087AC2F /* FirebaseAnalyticsOnDeviceConversion */; };
		276DAF0529B478090087AC2F /* FirebaseAnalyticsSwift in Frameworks */ = {isa = PBXBuildFile; productRef = 276DAF0429B478090087AC2F /* FirebaseAnalyticsSwift */; };
		276DAF0729B478090087AC2F /* FirebaseAnalyticsWithoutAdIdSupport in Frameworks */ = {isa = PBXBuildFile; productRef = 276DAF0629B478090087AC2F /* FirebaseAnalyticsWithoutAdIdSupport */; };
		276DAF0929B478090087AC2F /* FirebaseAppCheck in Frameworks */ = {isa = PBXBuildFile; productRef = 276DAF0829B478090087AC2F /* FirebaseAppCheck */; };
		276DAF0B29B478090087AC2F /* FirebaseAppDistribution-Beta in Frameworks */ = {isa = PBXBuildFile; productRef = 276DAF0A29B478090087AC2F /* FirebaseAppDistribution-Beta */; };
		276DAF0D29B478090087AC2F /* FirebaseAuth in Frameworks */ = {isa = PBXBuildFile; productRef = 276DAF0C29B478090087AC2F /* FirebaseAuth */; };
		276DAF0F29B4780A0087AC2F /* FirebaseAuthCombine-Community in Frameworks */ = {isa = PBXBuildFile; productRef = 276DAF0E29B4780A0087AC2F /* FirebaseAuthCombine-Community */; };
		276DAF1129B4780A0087AC2F /* FirebaseCrashlytics in Frameworks */ = {isa = PBXBuildFile; productRef = 276DAF1029B4780A0087AC2F /* FirebaseCrashlytics */; };
		276DAF1329B4780A0087AC2F /* FirebaseDatabase in Frameworks */ = {isa = PBXBuildFile; productRef = 276DAF1229B4780A0087AC2F /* FirebaseDatabase */; };
		276DAF1529B4780A0087AC2F /* FirebaseDatabaseSwift in Frameworks */ = {isa = PBXBuildFile; productRef = 276DAF1429B4780A0087AC2F /* FirebaseDatabaseSwift */; };
		276DAF1729B4780A0087AC2F /* FirebaseDynamicLinks in Frameworks */ = {isa = PBXBuildFile; productRef = 276DAF1629B4780A0087AC2F /* FirebaseDynamicLinks */; };
		276DAF1929B4780A0087AC2F /* FirebaseFirestore in Frameworks */ = {isa = PBXBuildFile; productRef = 276DAF1829B4780A0087AC2F /* FirebaseFirestore */; };
		276DAF1B29B4780A0087AC2F /* FirebaseFirestoreCombine-Community in Frameworks */ = {isa = PBXBuildFile; productRef = 276DAF1A29B4780A0087AC2F /* FirebaseFirestoreCombine-Community */; };
		276DAF1D29B4780A0087AC2F /* FirebaseFirestoreSwift in Frameworks */ = {isa = PBXBuildFile; productRef = 276DAF1C29B4780A0087AC2F /* FirebaseFirestoreSwift */; };
		276DAF1F29B4780A0087AC2F /* FirebaseFunctions in Frameworks */ = {isa = PBXBuildFile; productRef = 276DAF1E29B4780A0087AC2F /* FirebaseFunctions */; };
		276DAF2129B4780A0087AC2F /* FirebaseFunctionsCombine-Community in Frameworks */ = {isa = PBXBuildFile; productRef = 276DAF2029B4780A0087AC2F /* FirebaseFunctionsCombine-Community */; };
		276DAF2329B4780A0087AC2F /* FirebaseInAppMessaging-Beta in Frameworks */ = {isa = PBXBuildFile; productRef = 276DAF2229B4780A0087AC2F /* FirebaseInAppMessaging-Beta */; };
		276DAF2529B4780A0087AC2F /* FirebaseInAppMessagingSwift-Beta in Frameworks */ = {isa = PBXBuildFile; productRef = 276DAF2429B4780A0087AC2F /* FirebaseInAppMessagingSwift-Beta */; };
		276DAF2729B4780A0087AC2F /* FirebaseInstallations in Frameworks */ = {isa = PBXBuildFile; productRef = 276DAF2629B4780A0087AC2F /* FirebaseInstallations */; };
		276DAF2929B4780A0087AC2F /* FirebaseMLModelDownloader in Frameworks */ = {isa = PBXBuildFile; productRef = 276DAF2829B4780A0087AC2F /* FirebaseMLModelDownloader */; };
		276DAF2B29B4780A0087AC2F /* FirebaseMessaging in Frameworks */ = {isa = PBXBuildFile; productRef = 276DAF2A29B4780A0087AC2F /* FirebaseMessaging */; };
		276DAF2D29B4780A0087AC2F /* FirebasePerformance in Frameworks */ = {isa = PBXBuildFile; productRef = 276DAF2C29B4780A0087AC2F /* FirebasePerformance */; };
		276DAF2F29B4780A0087AC2F /* FirebaseRemoteConfig in Frameworks */ = {isa = PBXBuildFile; productRef = 276DAF2E29B4780A0087AC2F /* FirebaseRemoteConfig */; };
		276DAF3129B4780A0087AC2F /* FirebaseRemoteConfigSwift in Frameworks */ = {isa = PBXBuildFile; productRef = 276DAF3029B4780A0087AC2F /* FirebaseRemoteConfigSwift */; };
		276DAF3329B4780A0087AC2F /* FirebaseStorage in Frameworks */ = {isa = PBXBuildFile; productRef = 276DAF3229B4780A0087AC2F /* FirebaseStorage */; };
		276DAF3529B4780A0087AC2F /* FirebaseStorageCombine-Community in Frameworks */ = {isa = PBXBuildFile; productRef = 276DAF3429B4780A0087AC2F /* FirebaseStorageCombine-Community */; };
		346A787029B3E62A0035F367 /* CustomTableViewCell.swift in Sources */ = {isa = PBXBuildFile; fileRef = 346A786F29B3E62A0035F367 /* CustomTableViewCell.swift */; };
		346A787229B40B030035F367 /* CameraView.swift in Sources */ = {isa = PBXBuildFile; fileRef = 346A787129B40B030035F367 /* CameraView.swift */; };
		346A787429B4557B0035F367 /* SlidingCard.swift in Sources */ = {isa = PBXBuildFile; fileRef = 346A787329B4557B0035F367 /* SlidingCard.swift */; };
		346A787629B4E85C0035F367 /* PhotoCells.swift in Sources */ = {isa = PBXBuildFile; fileRef = 346A787529B4E85C0035F367 /* PhotoCells.swift */; };
		34F4469729B3D16900E1ECBE /* AppDelegate.swift in Sources */ = {isa = PBXBuildFile; fileRef = 34F4469629B3D16900E1ECBE /* AppDelegate.swift */; };
		34F4469929B3D16900E1ECBE /* SceneDelegate.swift in Sources */ = {isa = PBXBuildFile; fileRef = 34F4469829B3D16900E1ECBE /* SceneDelegate.swift */; };
		34F4469B29B3D16900E1ECBE /* ViewController.swift in Sources */ = {isa = PBXBuildFile; fileRef = 34F4469A29B3D16900E1ECBE /* ViewController.swift */; };
		34F4469E29B3D16900E1ECBE /* Main.storyboard in Resources */ = {isa = PBXBuildFile; fileRef = 34F4469C29B3D16900E1ECBE /* Main.storyboard */; };
		34F446A029B3D16A00E1ECBE /* Assets.xcassets in Resources */ = {isa = PBXBuildFile; fileRef = 34F4469F29B3D16A00E1ECBE /* Assets.xcassets */; };
		34F446A329B3D16A00E1ECBE /* LaunchScreen.storyboard in Resources */ = {isa = PBXBuildFile; fileRef = 34F446A129B3D16A00E1ECBE /* LaunchScreen.storyboard */; };
		E8B82712918D50A97F4AC8CB /* Pods_madhacks.framework in Frameworks */ = {isa = PBXBuildFile; fileRef = 7809CF1B5B94A3F2857E855C /* Pods_madhacks.framework */; };
/* End PBXBuildFile section */

/* Begin PBXFileReference section */
		276DAEFD29B477AA0087AC2F /* GoogleService-Info.plist */ = {isa = PBXFileReference; fileEncoding = 4; lastKnownFileType = text.plist.xml; path = "GoogleService-Info.plist"; sourceTree = "<group>"; };
		346A786F29B3E62A0035F367 /* CustomTableViewCell.swift */ = {isa = PBXFileReference; lastKnownFileType = sourcecode.swift; path = CustomTableViewCell.swift; sourceTree = "<group>"; };
		346A787129B40B030035F367 /* CameraView.swift */ = {isa = PBXFileReference; lastKnownFileType = sourcecode.swift; path = CameraView.swift; sourceTree = "<group>"; };
		346A787329B4557B0035F367 /* SlidingCard.swift */ = {isa = PBXFileReference; lastKnownFileType = sourcecode.swift; path = SlidingCard.swift; sourceTree = "<group>"; };
		346A787529B4E85C0035F367 /* PhotoCells.swift */ = {isa = PBXFileReference; lastKnownFileType = sourcecode.swift; path = PhotoCells.swift; sourceTree = "<group>"; };
		34F4469329B3D16900E1ECBE /* madhacks.app */ = {isa = PBXFileReference; explicitFileType = wrapper.application; includeInIndex = 0; path = madhacks.app; sourceTree = BUILT_PRODUCTS_DIR; };
		34F4469629B3D16900E1ECBE /* AppDelegate.swift */ = {isa = PBXFileReference; lastKnownFileType = sourcecode.swift; path = AppDelegate.swift; sourceTree = "<group>"; };
		34F4469829B3D16900E1ECBE /* SceneDelegate.swift */ = {isa = PBXFileReference; lastKnownFileType = sourcecode.swift; path = SceneDelegate.swift; sourceTree = "<group>"; };
		34F4469A29B3D16900E1ECBE /* ViewController.swift */ = {isa = PBXFileReference; lastKnownFileType = sourcecode.swift; path = ViewController.swift; sourceTree = "<group>"; };
		34F4469D29B3D16900E1ECBE /* Base */ = {isa = PBXFileReference; lastKnownFileType = file.storyboard; name = Base; path = Base.lproj/Main.storyboard; sourceTree = "<group>"; };
		34F4469F29B3D16A00E1ECBE /* Assets.xcassets */ = {isa = PBXFileReference; lastKnownFileType = folder.assetcatalog; path = Assets.xcassets; sourceTree = "<group>"; };
		34F446A229B3D16A00E1ECBE /* Base */ = {isa = PBXFileReference; lastKnownFileType = file.storyboard; name = Base; path = Base.lproj/LaunchScreen.storyboard; sourceTree = "<group>"; };
		34F446A429B3D16A00E1ECBE /* Info.plist */ = {isa = PBXFileReference; lastKnownFileType = text.plist.xml; path = Info.plist; sourceTree = "<group>"; };
		35B2C21F40E3ABD07A073A49 /* Pods-madhacks.debug.xcconfig */ = {isa = PBXFileReference; includeInIndex = 1; lastKnownFileType = text.xcconfig; name = "Pods-madhacks.debug.xcconfig"; path = "Target Support Files/Pods-madhacks/Pods-madhacks.debug.xcconfig"; sourceTree = "<group>"; };
		7809CF1B5B94A3F2857E855C /* Pods_madhacks.framework */ = {isa = PBXFileReference; explicitFileType = wrapper.framework; includeInIndex = 0; path = Pods_madhacks.framework; sourceTree = BUILT_PRODUCTS_DIR; };
		8ED73DF56F4AD98D7685ABD0 /* Pods-madhacks.release.xcconfig */ = {isa = PBXFileReference; includeInIndex = 1; lastKnownFileType = text.xcconfig; name = "Pods-madhacks.release.xcconfig"; path = "Target Support Files/Pods-madhacks/Pods-madhacks.release.xcconfig"; sourceTree = "<group>"; };
/* End PBXFileReference section */

/* Begin PBXFrameworksBuildPhase section */
		34F4469029B3D16900E1ECBE /* Frameworks */ = {
			isa = PBXFrameworksBuildPhase;
			buildActionMask = 2147483647;
			files = (
				276DAF1F29B4780A0087AC2F /* FirebaseFunctions in Frameworks */,
				276DAF1529B4780A0087AC2F /* FirebaseDatabaseSwift in Frameworks */,
				276DAF2529B4780A0087AC2F /* FirebaseInAppMessagingSwift-Beta in Frameworks */,
				276DAF2B29B4780A0087AC2F /* FirebaseMessaging in Frameworks */,
				276DAF0B29B478090087AC2F /* FirebaseAppDistribution-Beta in Frameworks */,
				276DAF0F29B4780A0087AC2F /* FirebaseAuthCombine-Community in Frameworks */,
				276DAF1B29B4780A0087AC2F /* FirebaseFirestoreCombine-Community in Frameworks */,
				276DAF0529B478090087AC2F /* FirebaseAnalyticsSwift in Frameworks */,
				276DAF2929B4780A0087AC2F /* FirebaseMLModelDownloader in Frameworks */,
				276DAF0729B478090087AC2F /* FirebaseAnalyticsWithoutAdIdSupport in Frameworks */,
				276DAF0129B478090087AC2F /* FirebaseAnalytics in Frameworks */,
				276DAF1D29B4780A0087AC2F /* FirebaseFirestoreSwift in Frameworks */,
				276DAF0329B478090087AC2F /* FirebaseAnalyticsOnDeviceConversion in Frameworks */,
				276DAF0929B478090087AC2F /* FirebaseAppCheck in Frameworks */,
				276DAF2D29B4780A0087AC2F /* FirebasePerformance in Frameworks */,
				276DAF2329B4780A0087AC2F /* FirebaseInAppMessaging-Beta in Frameworks */,
				276DAF2129B4780A0087AC2F /* FirebaseFunctionsCombine-Community in Frameworks */,
				276DAF1129B4780A0087AC2F /* FirebaseCrashlytics in Frameworks */,
				276DAF2729B4780A0087AC2F /* FirebaseInstallations in Frameworks */,
				276DAF2F29B4780A0087AC2F /* FirebaseRemoteConfig in Frameworks */,
				276DAF3329B4780A0087AC2F /* FirebaseStorage in Frameworks */,
				276DAF1329B4780A0087AC2F /* FirebaseDatabase in Frameworks */,
				276DAF3529B4780A0087AC2F /* FirebaseStorageCombine-Community in Frameworks */,
				E8B82712918D50A97F4AC8CB /* Pods_madhacks.framework in Frameworks */,
				276DAF0D29B478090087AC2F /* FirebaseAuth in Frameworks */,
				276DAF1729B4780A0087AC2F /* FirebaseDynamicLinks in Frameworks */,
				276DAF1929B4780A0087AC2F /* FirebaseFirestore in Frameworks */,
				276DAF3129B4780A0087AC2F /* FirebaseRemoteConfigSwift in Frameworks */,
			);
			runOnlyForDeploymentPostprocessing = 0;
		};
/* End PBXFrameworksBuildPhase section */

/* Begin PBXGroup section */
		34F4468A29B3D16900E1ECBE = {
			isa = PBXGroup;
			children = (
				34F4469529B3D16900E1ECBE /* madhacks */,
				34F4469429B3D16900E1ECBE /* Products */,
				41FFDD0A713D366FFB13A000 /* Pods */,
				3B35AA78F9602B83B3907806 /* Frameworks */,
			);
			sourceTree = "<group>";
		};
		34F4469429B3D16900E1ECBE /* Products */ = {
			isa = PBXGroup;
			children = (
				34F4469329B3D16900E1ECBE /* madhacks.app */,
			);
			name = Products;
			sourceTree = "<group>";
		};
		34F4469529B3D16900E1ECBE /* madhacks */ = {
			isa = PBXGroup;
			children = (
				34F446AE29B3DAE000E1ECBE /* Resources */,
				34F446AC29B3DAC700E1ECBE /* Views */,
				34F446AB29B3DAB700E1ECBE /* Models */,
				34F446AA29B3DAAE00E1ECBE /* Controllers */,
				34F4469629B3D16900E1ECBE /* AppDelegate.swift */,
				34F4469829B3D16900E1ECBE /* SceneDelegate.swift */,
				34F4469C29B3D16900E1ECBE /* Main.storyboard */,
				346A787329B4557B0035F367 /* SlidingCard.swift */,
				346A786F29B3E62A0035F367 /* CustomTableViewCell.swift */,
				346A787529B4E85C0035F367 /* PhotoCells.swift */,
				34F4469F29B3D16A00E1ECBE /* Assets.xcassets */,
				34F446A129B3D16A00E1ECBE /* LaunchScreen.storyboard */,
				276DAEFD29B477AA0087AC2F /* GoogleService-Info.plist */,
				34F446A429B3D16A00E1ECBE /* Info.plist */,
			);
			path = madhacks;
			sourceTree = "<group>";
		};
		34F446AA29B3DAAE00E1ECBE /* Controllers */ = {
			isa = PBXGroup;
			children = (
				346A787129B40B030035F367 /* CameraView.swift */,
				34F4469A29B3D16900E1ECBE /* ViewController.swift */,
			);
			path = Controllers;
			sourceTree = "<group>";
		};
		34F446AB29B3DAB700E1ECBE /* Models */ = {
			isa = PBXGroup;
			children = (
			);
			path = Models;
			sourceTree = "<group>";
		};
		34F446AC29B3DAC700E1ECBE /* Views */ = {
			isa = PBXGroup;
			children = (
			);
			path = Views;
			sourceTree = "<group>";
		};
		34F446AE29B3DAE000E1ECBE /* Resources */ = {
			isa = PBXGroup;
			children = (
			);
			path = Resources;
			sourceTree = "<group>";
		};
		3B35AA78F9602B83B3907806 /* Frameworks */ = {
			isa = PBXGroup;
			children = (
				7809CF1B5B94A3F2857E855C /* Pods_madhacks.framework */,
			);
			name = Frameworks;
			sourceTree = "<group>";
		};
		41FFDD0A713D366FFB13A000 /* Pods */ = {
			isa = PBXGroup;
			children = (
				35B2C21F40E3ABD07A073A49 /* Pods-madhacks.debug.xcconfig */,
				8ED73DF56F4AD98D7685ABD0 /* Pods-madhacks.release.xcconfig */,
			);
			path = Pods;
			sourceTree = "<group>";
		};
/* End PBXGroup section */

/* Begin PBXNativeTarget section */
		34F4469229B3D16900E1ECBE /* madhacks */ = {
			isa = PBXNativeTarget;
			buildConfigurationList = 34F446A729B3D16A00E1ECBE /* Build configuration list for PBXNativeTarget "madhacks" */;
			buildPhases = (
				F4B162792E70C9C597FEBC58 /* [CP] Check Pods Manifest.lock */,
				34F4468F29B3D16900E1ECBE /* Sources */,
				34F4469029B3D16900E1ECBE /* Frameworks */,
				34F4469129B3D16900E1ECBE /* Resources */,
				8241EBFE22B80DF0585A8C7C /* [CP] Embed Pods Frameworks */,
			);
			buildRules = (
			);
			dependencies = (
			);
			name = madhacks;
			packageProductDependencies = (
				276DAF0029B478090087AC2F /* FirebaseAnalytics */,
				276DAF0229B478090087AC2F /* FirebaseAnalyticsOnDeviceConversion */,
				276DAF0429B478090087AC2F /* FirebaseAnalyticsSwift */,
				276DAF0629B478090087AC2F /* FirebaseAnalyticsWithoutAdIdSupport */,
				276DAF0829B478090087AC2F /* FirebaseAppCheck */,
				276DAF0A29B478090087AC2F /* FirebaseAppDistribution-Beta */,
				276DAF0C29B478090087AC2F /* FirebaseAuth */,
				276DAF0E29B4780A0087AC2F /* FirebaseAuthCombine-Community */,
				276DAF1029B4780A0087AC2F /* FirebaseCrashlytics */,
				276DAF1229B4780A0087AC2F /* FirebaseDatabase */,
				276DAF1429B4780A0087AC2F /* FirebaseDatabaseSwift */,
				276DAF1629B4780A0087AC2F /* FirebaseDynamicLinks */,
				276DAF1829B4780A0087AC2F /* FirebaseFirestore */,
				276DAF1A29B4780A0087AC2F /* FirebaseFirestoreCombine-Community */,
				276DAF1C29B4780A0087AC2F /* FirebaseFirestoreSwift */,
				276DAF1E29B4780A0087AC2F /* FirebaseFunctions */,
				276DAF2029B4780A0087AC2F /* FirebaseFunctionsCombine-Community */,
				276DAF2229B4780A0087AC2F /* FirebaseInAppMessaging-Beta */,
				276DAF2429B4780A0087AC2F /* FirebaseInAppMessagingSwift-Beta */,
				276DAF2629B4780A0087AC2F /* FirebaseInstallations */,
				276DAF2829B4780A0087AC2F /* FirebaseMLModelDownloader */,
				276DAF2A29B4780A0087AC2F /* FirebaseMessaging */,
				276DAF2C29B4780A0087AC2F /* FirebasePerformance */,
				276DAF2E29B4780A0087AC2F /* FirebaseRemoteConfig */,
				276DAF3029B4780A0087AC2F /* FirebaseRemoteConfigSwift */,
				276DAF3229B4780A0087AC2F /* FirebaseStorage */,
				276DAF3429B4780A0087AC2F /* FirebaseStorageCombine-Community */,
			);
			productName = madhacks;
			productReference = 34F4469329B3D16900E1ECBE /* madhacks.app */;
			productType = "com.apple.product-type.application";
		};
/* End PBXNativeTarget section */

/* Begin PBXProject section */
		34F4468B29B3D16900E1ECBE /* Project object */ = {
			isa = PBXProject;
			attributes = {
				BuildIndependentTargetsInParallel = 1;
				LastSwiftUpdateCheck = 1420;
				LastUpgradeCheck = 1420;
				TargetAttributes = {
					34F4469229B3D16900E1ECBE = {
						CreatedOnToolsVersion = 14.2;
					};
				};
			};
			buildConfigurationList = 34F4468E29B3D16900E1ECBE /* Build configuration list for PBXProject "madhacks" */;
			compatibilityVersion = "Xcode 14.0";
			developmentRegion = en;
			hasScannedForEncodings = 0;
			knownRegions = (
				en,
				Base,
			);
			mainGroup = 34F4468A29B3D16900E1ECBE;
			packageReferences = (
				276DAEFF29B478090087AC2F /* XCRemoteSwiftPackageReference "firebase-ios-sdk" */,
			);
			productRefGroup = 34F4469429B3D16900E1ECBE /* Products */;
			projectDirPath = "";
			projectRoot = "";
			targets = (
				34F4469229B3D16900E1ECBE /* madhacks */,
			);
		};
/* End PBXProject section */

/* Begin PBXResourcesBuildPhase section */
		34F4469129B3D16900E1ECBE /* Resources */ = {
			isa = PBXResourcesBuildPhase;
			buildActionMask = 2147483647;
			files = (
				34F446A329B3D16A00E1ECBE /* LaunchScreen.storyboard in Resources */,
				276DAEFE29B477AA0087AC2F /* GoogleService-Info.plist in Resources */,
				34F446A029B3D16A00E1ECBE /* Assets.xcassets in Resources */,
				34F4469E29B3D16900E1ECBE /* Main.storyboard in Resources */,
			);
			runOnlyForDeploymentPostprocessing = 0;
		};
/* End PBXResourcesBuildPhase section */

/* Begin PBXShellScriptBuildPhase section */
		8241EBFE22B80DF0585A8C7C /* [CP] Embed Pods Frameworks */ = {
			isa = PBXShellScriptBuildPhase;
			buildActionMask = 2147483647;
			files = (
			);
			inputFileListPaths = (
				"${PODS_ROOT}/Target Support Files/Pods-madhacks/Pods-madhacks-frameworks-${CONFIGURATION}-input-files.xcfilelist",
			);
			name = "[CP] Embed Pods Frameworks";
			outputFileListPaths = (
				"${PODS_ROOT}/Target Support Files/Pods-madhacks/Pods-madhacks-frameworks-${CONFIGURATION}-output-files.xcfilelist",
			);
			runOnlyForDeploymentPostprocessing = 0;
			shellPath = /bin/sh;
			shellScript = "\"${PODS_ROOT}/Target Support Files/Pods-madhacks/Pods-madhacks-frameworks.sh\"\n";
			showEnvVarsInLog = 0;
		};
		F4B162792E70C9C597FEBC58 /* [CP] Check Pods Manifest.lock */ = {
			isa = PBXShellScriptBuildPhase;
			buildActionMask = 2147483647;
			files = (
			);
			inputFileListPaths = (
			);
			inputPaths = (
				"${PODS_PODFILE_DIR_PATH}/Podfile.lock",
				"${PODS_ROOT}/Manifest.lock",
			);
			name = "[CP] Check Pods Manifest.lock";
			outputFileListPaths = (
			);
			outputPaths = (
				"$(DERIVED_FILE_DIR)/Pods-madhacks-checkManifestLockResult.txt",
			);
			runOnlyForDeploymentPostprocessing = 0;
			shellPath = /bin/sh;
			shellScript = "diff \"${PODS_PODFILE_DIR_PATH}/Podfile.lock\" \"${PODS_ROOT}/Manifest.lock\" > /dev/null\nif [ $? != 0 ] ; then\n    # print error to STDERR\n    echo \"error: The sandbox is not in sync with the Podfile.lock. Run 'pod install' or update your CocoaPods installation.\" >&2\n    exit 1\nfi\n# This output is used by Xcode 'outputs' to avoid re-running this script phase.\necho \"SUCCESS\" > \"${SCRIPT_OUTPUT_FILE_0}\"\n";
			showEnvVarsInLog = 0;
		};
/* End PBXShellScriptBuildPhase section */

/* Begin PBXSourcesBuildPhase section */
		34F4468F29B3D16900E1ECBE /* Sources */ = {
			isa = PBXSourcesBuildPhase;
			buildActionMask = 2147483647;
			files = (
				346A787429B4557B0035F367 /* SlidingCard.swift in Sources */,
				34F4469B29B3D16900E1ECBE /* ViewController.swift in Sources */,
				34F4469729B3D16900E1ECBE /* AppDelegate.swift in Sources */,
				346A787629B4E85C0035F367 /* PhotoCells.swift in Sources */,
				346A787029B3E62A0035F367 /* CustomTableViewCell.swift in Sources */,
				346A787229B40B030035F367 /* CameraView.swift in Sources */,
				34F4469929B3D16900E1ECBE /* SceneDelegate.swift in Sources */,
			);
			runOnlyForDeploymentPostprocessing = 0;
		};
/* End PBXSourcesBuildPhase section */

/* Begin PBXVariantGroup section */
		34F4469C29B3D16900E1ECBE /* Main.storyboard */ = {
			isa = PBXVariantGroup;
			children = (
				34F4469D29B3D16900E1ECBE /* Base */,
			);
			name = Main.storyboard;
			sourceTree = "<group>";
		};
		34F446A129B3D16A00E1ECBE /* LaunchScreen.storyboard */ = {
			isa = PBXVariantGroup;
			children = (
				34F446A229B3D16A00E1ECBE /* Base */,
			);
			name = LaunchScreen.storyboard;
			sourceTree = "<group>";
		};
/* End PBXVariantGroup section */

/* Begin XCBuildConfiguration section */
		34F446A529B3D16A00E1ECBE /* Debug */ = {
			isa = XCBuildConfiguration;
			buildSettings = {
				ALWAYS_SEARCH_USER_PATHS = NO;
				CLANG_ANALYZER_NONNULL = YES;
				CLANG_ANALYZER_NUMBER_OBJECT_CONVERSION = YES_AGGRESSIVE;
				CLANG_CXX_LANGUAGE_STANDARD = "gnu++20";
				CLANG_ENABLE_MODULES = YES;
				CLANG_ENABLE_OBJC_ARC = YES;
				CLANG_ENABLE_OBJC_WEAK = YES;
				CLANG_WARN_BLOCK_CAPTURE_AUTORELEASING = YES;
				CLANG_WARN_BOOL_CONVERSION = YES;
				CLANG_WARN_COMMA = YES;
				CLANG_WARN_CONSTANT_CONVERSION = YES;
				CLANG_WARN_DEPRECATED_OBJC_IMPLEMENTATIONS = YES;
				CLANG_WARN_DIRECT_OBJC_ISA_USAGE = YES_ERROR;
				CLANG_WARN_DOCUMENTATION_COMMENTS = YES;
				CLANG_WARN_EMPTY_BODY = YES;
				CLANG_WARN_ENUM_CONVERSION = YES;
				CLANG_WARN_INFINITE_RECURSION = YES;
				CLANG_WARN_INT_CONVERSION = YES;
				CLANG_WARN_NON_LITERAL_NULL_CONVERSION = YES;
				CLANG_WARN_OBJC_IMPLICIT_RETAIN_SELF = YES;
				CLANG_WARN_OBJC_LITERAL_CONVERSION = YES;
				CLANG_WARN_OBJC_ROOT_CLASS = YES_ERROR;
				CLANG_WARN_QUOTED_INCLUDE_IN_FRAMEWORK_HEADER = YES;
				CLANG_WARN_RANGE_LOOP_ANALYSIS = YES;
				CLANG_WARN_STRICT_PROTOTYPES = YES;
				CLANG_WARN_SUSPICIOUS_MOVE = YES;
				CLANG_WARN_UNGUARDED_AVAILABILITY = YES_AGGRESSIVE;
				CLANG_WARN_UNREACHABLE_CODE = YES;
				CLANG_WARN__DUPLICATE_METHOD_MATCH = YES;
				COPY_PHASE_STRIP = NO;
				DEBUG_INFORMATION_FORMAT = dwarf;
				ENABLE_STRICT_OBJC_MSGSEND = YES;
				ENABLE_TESTABILITY = YES;
				GCC_C_LANGUAGE_STANDARD = gnu11;
				GCC_DYNAMIC_NO_PIC = NO;
				GCC_NO_COMMON_BLOCKS = YES;
				GCC_OPTIMIZATION_LEVEL = 0;
				GCC_PREPROCESSOR_DEFINITIONS = (
					"DEBUG=1",
					"$(inherited)",
				);
				GCC_WARN_64_TO_32_BIT_CONVERSION = YES;
				GCC_WARN_ABOUT_RETURN_TYPE = YES_ERROR;
				GCC_WARN_UNDECLARED_SELECTOR = YES;
				GCC_WARN_UNINITIALIZED_AUTOS = YES_AGGRESSIVE;
				GCC_WARN_UNUSED_FUNCTION = YES;
				GCC_WARN_UNUSED_VARIABLE = YES;
				IPHONEOS_DEPLOYMENT_TARGET = 16.2;
				MTL_ENABLE_DEBUG_INFO = INCLUDE_SOURCE;
				MTL_FAST_MATH = YES;
				ONLY_ACTIVE_ARCH = YES;
				SDKROOT = iphoneos;
				SWIFT_ACTIVE_COMPILATION_CONDITIONS = DEBUG;
				SWIFT_OPTIMIZATION_LEVEL = "-Onone";
			};
			name = Debug;
		};
		34F446A629B3D16A00E1ECBE /* Release */ = {
			isa = XCBuildConfiguration;
			buildSettings = {
				ALWAYS_SEARCH_USER_PATHS = NO;
				CLANG_ANALYZER_NONNULL = YES;
				CLANG_ANALYZER_NUMBER_OBJECT_CONVERSION = YES_AGGRESSIVE;
				CLANG_CXX_LANGUAGE_STANDARD = "gnu++20";
				CLANG_ENABLE_MODULES = YES;
				CLANG_ENABLE_OBJC_ARC = YES;
				CLANG_ENABLE_OBJC_WEAK = YES;
				CLANG_WARN_BLOCK_CAPTURE_AUTORELEASING = YES;
				CLANG_WARN_BOOL_CONVERSION = YES;
				CLANG_WARN_COMMA = YES;
				CLANG_WARN_CONSTANT_CONVERSION = YES;
				CLANG_WARN_DEPRECATED_OBJC_IMPLEMENTATIONS = YES;
				CLANG_WARN_DIRECT_OBJC_ISA_USAGE = YES_ERROR;
				CLANG_WARN_DOCUMENTATION_COMMENTS = YES;
				CLANG_WARN_EMPTY_BODY = YES;
				CLANG_WARN_ENUM_CONVERSION = YES;
				CLANG_WARN_INFINITE_RECURSION = YES;
				CLANG_WARN_INT_CONVERSION = YES;
				CLANG_WARN_NON_LITERAL_NULL_CONVERSION = YES;
				CLANG_WARN_OBJC_IMPLICIT_RETAIN_SELF = YES;
				CLANG_WARN_OBJC_LITERAL_CONVERSION = YES;
				CLANG_WARN_OBJC_ROOT_CLASS = YES_ERROR;
				CLANG_WARN_QUOTED_INCLUDE_IN_FRAMEWORK_HEADER = YES;
				CLANG_WARN_RANGE_LOOP_ANALYSIS = YES;
				CLANG_WARN_STRICT_PROTOTYPES = YES;
				CLANG_WARN_SUSPICIOUS_MOVE = YES;
				CLANG_WARN_UNGUARDED_AVAILABILITY = YES_AGGRESSIVE;
				CLANG_WARN_UNREACHABLE_CODE = YES;
				CLANG_WARN__DUPLICATE_METHOD_MATCH = YES;
				COPY_PHASE_STRIP = NO;
				DEBUG_INFORMATION_FORMAT = "dwarf-with-dsym";
				ENABLE_NS_ASSERTIONS = NO;
				ENABLE_STRICT_OBJC_MSGSEND = YES;
				GCC_C_LANGUAGE_STANDARD = gnu11;
				GCC_NO_COMMON_BLOCKS = YES;
				GCC_WARN_64_TO_32_BIT_CONVERSION = YES;
				GCC_WARN_ABOUT_RETURN_TYPE = YES_ERROR;
				GCC_WARN_UNDECLARED_SELECTOR = YES;
				GCC_WARN_UNINITIALIZED_AUTOS = YES_AGGRESSIVE;
				GCC_WARN_UNUSED_FUNCTION = YES;
				GCC_WARN_UNUSED_VARIABLE = YES;
				IPHONEOS_DEPLOYMENT_TARGET = 16.2;
				MTL_ENABLE_DEBUG_INFO = NO;
				MTL_FAST_MATH = YES;
				SDKROOT = iphoneos;
				SWIFT_COMPILATION_MODE = wholemodule;
				SWIFT_OPTIMIZATION_LEVEL = "-O";
				VALIDATE_PRODUCT = YES;
			};
			name = Release;
		};
		34F446A829B3D16A00E1ECBE /* Debug */ = {
			isa = XCBuildConfiguration;
			baseConfigurationReference = 35B2C21F40E3ABD07A073A49 /* Pods-madhacks.debug.xcconfig */;
			buildSettings = {
				ASSETCATALOG_COMPILER_APPICON_NAME = AppIcon;
				ASSETCATALOG_COMPILER_GLOBAL_ACCENT_COLOR_NAME = AccentColor;
				CODE_SIGN_STYLE = Automatic;
				CURRENT_PROJECT_VERSION = 1;
				DEVELOPMENT_TEAM = 85ZTG5C8G8;
				GENERATE_INFOPLIST_FILE = YES;
				INFOPLIST_FILE = madhacks/Info.plist;
				INFOPLIST_KEY_NSCameraUsageDescription = "Please allow to take photo";
				INFOPLIST_KEY_NSMicrophoneUsageDescription = "Please allow to record audio";
				INFOPLIST_KEY_UIApplicationSupportsIndirectInputEvents = YES;
				INFOPLIST_KEY_UILaunchStoryboardName = LaunchScreen;
				INFOPLIST_KEY_UIMainStoryboardFile = Main;
				INFOPLIST_KEY_UISupportedInterfaceOrientations_iPad = "UIInterfaceOrientationPortrait UIInterfaceOrientationPortraitUpsideDown UIInterfaceOrientationLandscapeLeft UIInterfaceOrientationLandscapeRight";
				INFOPLIST_KEY_UISupportedInterfaceOrientations_iPhone = "UIInterfaceOrientationPortrait UIInterfaceOrientationLandscapeLeft UIInterfaceOrientationLandscapeRight";
				LD_RUNPATH_SEARCH_PATHS = (
					"$(inherited)",
					"@executable_path/Frameworks",
				);
				MARKETING_VERSION = 1.0;
				ONLY_ACTIVE_ARCH = YES;
				PRODUCT_BUNDLE_IDENTIFIER = TessieDong.madhacks;
				PRODUCT_NAME = "$(TARGET_NAME)";
				SWIFT_EMIT_LOC_STRINGS = YES;
				SWIFT_VERSION = 5.0;
				TARGETED_DEVICE_FAMILY = "1,2";
			};
			name = Debug;
		};
		34F446A929B3D16A00E1ECBE /* Release */ = {
			isa = XCBuildConfiguration;
			baseConfigurationReference = 8ED73DF56F4AD98D7685ABD0 /* Pods-madhacks.release.xcconfig */;
			buildSettings = {
				ASSETCATALOG_COMPILER_APPICON_NAME = AppIcon;
				ASSETCATALOG_COMPILER_GLOBAL_ACCENT_COLOR_NAME = AccentColor;
				CODE_SIGN_STYLE = Automatic;
				CURRENT_PROJECT_VERSION = 1;
				DEVELOPMENT_TEAM = 85ZTG5C8G8;
				GENERATE_INFOPLIST_FILE = YES;
				INFOPLIST_FILE = madhacks/Info.plist;
				INFOPLIST_KEY_NSCameraUsageDescription = "Please allow to take photo";
				INFOPLIST_KEY_NSMicrophoneUsageDescription = "Please allow to record audio";
				INFOPLIST_KEY_UIApplicationSupportsIndirectInputEvents = YES;
				INFOPLIST_KEY_UILaunchStoryboardName = LaunchScreen;
				INFOPLIST_KEY_UIMainStoryboardFile = Main;
				INFOPLIST_KEY_UISupportedInterfaceOrientations_iPad = "UIInterfaceOrientationPortrait UIInterfaceOrientationPortraitUpsideDown UIInterfaceOrientationLandscapeLeft UIInterfaceOrientationLandscapeRight";
				INFOPLIST_KEY_UISupportedInterfaceOrientations_iPhone = "UIInterfaceOrientationPortrait UIInterfaceOrientationLandscapeLeft UIInterfaceOrientationLandscapeRight";
				LD_RUNPATH_SEARCH_PATHS = (
					"$(inherited)",
					"@executable_path/Frameworks",
				);
				MARKETING_VERSION = 1.0;
				ONLY_ACTIVE_ARCH = YES;
				PRODUCT_BUNDLE_IDENTIFIER = TessieDong.madhacks;
				PRODUCT_NAME = "$(TARGET_NAME)";
				SWIFT_EMIT_LOC_STRINGS = YES;
				SWIFT_VERSION = 5.0;
				TARGETED_DEVICE_FAMILY = "1,2";
			};
			name = Release;
		};
/* End XCBuildConfiguration section */

/* Begin XCConfigurationList section */
		34F4468E29B3D16900E1ECBE /* Build configuration list for PBXProject "madhacks" */ = {
			isa = XCConfigurationList;
			buildConfigurations = (
				34F446A529B3D16A00E1ECBE /* Debug */,
				34F446A629B3D16A00E1ECBE /* Release */,
			);
			defaultConfigurationIsVisible = 0;
			defaultConfigurationName = Release;
		};
		34F446A729B3D16A00E1ECBE /* Build configuration list for PBXNativeTarget "madhacks" */ = {
			isa = XCConfigurationList;
			buildConfigurations = (
				34F446A829B3D16A00E1ECBE /* Debug */,
				34F446A929B3D16A00E1ECBE /* Release */,
			);
			defaultConfigurationIsVisible = 0;
			defaultConfigurationName = Release;
		};
/* End XCConfigurationList section */

/* Begin XCRemoteSwiftPackageReference section */
		276DAEFF29B478090087AC2F /* XCRemoteSwiftPackageReference "firebase-ios-sdk" */ = {
			isa = XCRemoteSwiftPackageReference;
			repositoryURL = "https://github.com/firebase/firebase-ios-sdk";
			requirement = {
				kind = upToNextMajorVersion;
				minimumVersion = 9.0.0;
			};
		};
/* End XCRemoteSwiftPackageReference section */

/* Begin XCSwiftPackageProductDependency section */
		276DAF0029B478090087AC2F /* FirebaseAnalytics */ = {
			isa = XCSwiftPackageProductDependency;
			package = 276DAEFF29B478090087AC2F /* XCRemoteSwiftPackageReference "firebase-ios-sdk" */;
			productName = FirebaseAnalytics;
		};
		276DAF0229B478090087AC2F /* FirebaseAnalyticsOnDeviceConversion */ = {
			isa = XCSwiftPackageProductDependency;
			package = 276DAEFF29B478090087AC2F /* XCRemoteSwiftPackageReference "firebase-ios-sdk" */;
			productName = FirebaseAnalyticsOnDeviceConversion;
		};
		276DAF0429B478090087AC2F /* FirebaseAnalyticsSwift */ = {
			isa = XCSwiftPackageProductDependency;
			package = 276DAEFF29B478090087AC2F /* XCRemoteSwiftPackageReference "firebase-ios-sdk" */;
			productName = FirebaseAnalyticsSwift;
		};
		276DAF0629B478090087AC2F /* FirebaseAnalyticsWithoutAdIdSupport */ = {
			isa = XCSwiftPackageProductDependency;
			package = 276DAEFF29B478090087AC2F /* XCRemoteSwiftPackageReference "firebase-ios-sdk" */;
			productName = FirebaseAnalyticsWithoutAdIdSupport;
		};
		276DAF0829B478090087AC2F /* FirebaseAppCheck */ = {
			isa = XCSwiftPackageProductDependency;
			package = 276DAEFF29B478090087AC2F /* XCRemoteSwiftPackageReference "firebase-ios-sdk" */;
			productName = FirebaseAppCheck;
		};
		276DAF0A29B478090087AC2F /* FirebaseAppDistribution-Beta */ = {
			isa = XCSwiftPackageProductDependency;
			package = 276DAEFF29B478090087AC2F /* XCRemoteSwiftPackageReference "firebase-ios-sdk" */;
			productName = "FirebaseAppDistribution-Beta";
		};
		276DAF0C29B478090087AC2F /* FirebaseAuth */ = {
			isa = XCSwiftPackageProductDependency;
			package = 276DAEFF29B478090087AC2F /* XCRemoteSwiftPackageReference "firebase-ios-sdk" */;
			productName = FirebaseAuth;
		};
		276DAF0E29B4780A0087AC2F /* FirebaseAuthCombine-Community */ = {
			isa = XCSwiftPackageProductDependency;
			package = 276DAEFF29B478090087AC2F /* XCRemoteSwiftPackageReference "firebase-ios-sdk" */;
			productName = "FirebaseAuthCombine-Community";
		};
		276DAF1029B4780A0087AC2F /* FirebaseCrashlytics */ = {
			isa = XCSwiftPackageProductDependency;
			package = 276DAEFF29B478090087AC2F /* XCRemoteSwiftPackageReference "firebase-ios-sdk" */;
			productName = FirebaseCrashlytics;
		};
		276DAF1229B4780A0087AC2F /* FirebaseDatabase */ = {
			isa = XCSwiftPackageProductDependency;
			package = 276DAEFF29B478090087AC2F /* XCRemoteSwiftPackageReference "firebase-ios-sdk" */;
			productName = FirebaseDatabase;
		};
		276DAF1429B4780A0087AC2F /* FirebaseDatabaseSwift */ = {
			isa = XCSwiftPackageProductDependency;
			package = 276DAEFF29B478090087AC2F /* XCRemoteSwiftPackageReference "firebase-ios-sdk" */;
			productName = FirebaseDatabaseSwift;
		};
		276DAF1629B4780A0087AC2F /* FirebaseDynamicLinks */ = {
			isa = XCSwiftPackageProductDependency;
			package = 276DAEFF29B478090087AC2F /* XCRemoteSwiftPackageReference "firebase-ios-sdk" */;
			productName = FirebaseDynamicLinks;
		};
		276DAF1829B4780A0087AC2F /* FirebaseFirestore */ = {
			isa = XCSwiftPackageProductDependency;
			package = 276DAEFF29B478090087AC2F /* XCRemoteSwiftPackageReference "firebase-ios-sdk" */;
			productName = FirebaseFirestore;
		};
		276DAF1A29B4780A0087AC2F /* FirebaseFirestoreCombine-Community */ = {
			isa = XCSwiftPackageProductDependency;
			package = 276DAEFF29B478090087AC2F /* XCRemoteSwiftPackageReference "firebase-ios-sdk" */;
			productName = "FirebaseFirestoreCombine-Community";
		};
		276DAF1C29B4780A0087AC2F /* FirebaseFirestoreSwift */ = {
			isa = XCSwiftPackageProductDependency;
			package = 276DAEFF29B478090087AC2F /* XCRemoteSwiftPackageReference "firebase-ios-sdk" */;
			productName = FirebaseFirestoreSwift;
		};
		276DAF1E29B4780A0087AC2F /* FirebaseFunctions */ = {
			isa = XCSwiftPackageProductDependency;
			package = 276DAEFF29B478090087AC2F /* XCRemoteSwiftPackageReference "firebase-ios-sdk" */;
			productName = FirebaseFunctions;
		};
		276DAF2029B4780A0087AC2F /* FirebaseFunctionsCombine-Community */ = {
			isa = XCSwiftPackageProductDependency;
			package = 276DAEFF29B478090087AC2F /* XCRemoteSwiftPackageReference "firebase-ios-sdk" */;
			productName = "FirebaseFunctionsCombine-Community";
		};
		276DAF2229B4780A0087AC2F /* FirebaseInAppMessaging-Beta */ = {
			isa = XCSwiftPackageProductDependency;
			package = 276DAEFF29B478090087AC2F /* XCRemoteSwiftPackageReference "firebase-ios-sdk" */;
			productName = "FirebaseInAppMessaging-Beta";
		};
		276DAF2429B4780A0087AC2F /* FirebaseInAppMessagingSwift-Beta */ = {
			isa = XCSwiftPackageProductDependency;
			package = 276DAEFF29B478090087AC2F /* XCRemoteSwiftPackageReference "firebase-ios-sdk" */;
			productName = "FirebaseInAppMessagingSwift-Beta";
		};
		276DAF2629B4780A0087AC2F /* FirebaseInstallations */ = {
			isa = XCSwiftPackageProductDependency;
			package = 276DAEFF29B478090087AC2F /* XCRemoteSwiftPackageReference "firebase-ios-sdk" */;
			productName = FirebaseInstallations;
		};
		276DAF2829B4780A0087AC2F /* FirebaseMLModelDownloader */ = {
			isa = XCSwiftPackageProductDependency;
			package = 276DAEFF29B478090087AC2F /* XCRemoteSwiftPackageReference "firebase-ios-sdk" */;
			productName = FirebaseMLModelDownloader;
		};
		276DAF2A29B4780A0087AC2F /* FirebaseMessaging */ = {
			isa = XCSwiftPackageProductDependency;
			package = 276DAEFF29B478090087AC2F /* XCRemoteSwiftPackageReference "firebase-ios-sdk" */;
			productName = FirebaseMessaging;
		};
		276DAF2C29B4780A0087AC2F /* FirebasePerformance */ = {
			isa = XCSwiftPackageProductDependency;
			package = 276DAEFF29B478090087AC2F /* XCRemoteSwiftPackageReference "firebase-ios-sdk" */;
			productName = FirebasePerformance;
		};
		276DAF2E29B4780A0087AC2F /* FirebaseRemoteConfig */ = {
			isa = XCSwiftPackageProductDependency;
			package = 276DAEFF29B478090087AC2F /* XCRemoteSwiftPackageReference "firebase-ios-sdk" */;
			productName = FirebaseRemoteConfig;
		};
		276DAF3029B4780A0087AC2F /* FirebaseRemoteConfigSwift */ = {
			isa = XCSwiftPackageProductDependency;
			package = 276DAEFF29B478090087AC2F /* XCRemoteSwiftPackageReference "firebase-ios-sdk" */;
			productName = FirebaseRemoteConfigSwift;
		};
		276DAF3229B4780A0087AC2F /* FirebaseStorage */ = {
			isa = XCSwiftPackageProductDependency;
			package = 276DAEFF29B478090087AC2F /* XCRemoteSwiftPackageReference "firebase-ios-sdk" */;
			productName = FirebaseStorage;
		};
		276DAF3429B4780A0087AC2F /* FirebaseStorageCombine-Community */ = {
			isa = XCSwiftPackageProductDependency;
			package = 276DAEFF29B478090087AC2F /* XCRemoteSwiftPackageReference "firebase-ios-sdk" */;
			productName = "FirebaseStorageCombine-Community";
		};
/* End XCSwiftPackageProductDependency section */
	};
	rootObject = 34F4468B29B3D16900E1ECBE /* Project object */;
}
